github.com/NotifAi/serial v0.2.3 h1:kfD6mn4e04/m/braL9S5LKtDJMRmuqvFsfyjQUtnrP0=
github.com/NotifAi/serial v0.2.3/go.mod h1:xT0Wsw9XDw01/Zx7JM7JVchvDxzetEvQ6PKyqyIp/xg=
github.com/cenkalti/backoff v2.1.1+incompatible h1:tKJnvO2kl0zmb/jA5UKAt4VoEVw1qxKWjE/Bpp46npY=
github.com/cenkalti/backoff v2.1.1+incompatible/go.mod h1:90ReRw6GdpyfrHakVjL/QHaoyV4aDUVVkXQJJJ3NXXM=
github.com/d2r2/go-bsbmp v0.0.0-20190515110334-3b4b3aea8375 h1:vdUOwcZdV+bBfGUUh5oPPWSzw9p+lBnNSuGgQwGpCH4=
github.com/d2r2/go-bsbmp v0.0.0-20190515110334-3b4b3aea8375/go.mod h1:3iz1WHlYJU9b4NJei+Q8G7DN3K05arcCMlOQ+qNCDjo=
github.com/d2r2/go-i2c v0.0.0-20181113114621-14f8dd4e89ce h1:Dog7PLNz1fPaXqHPOHonpERqsF57Oh4X76pM80T1GDY=
github.com/d2r2/go-i2c v0.0.0-20181113114621-14f8dd4e89ce/go.mod h1:AwxDPnsgIpy47jbGXZHA9Rv7pDkOJvQbezPuK1Y+nNk=
github.com/d2r2/go-logger v0.0.0-20181221090742-9998a510495e h1:ZG3JBA6rPRl0xxQ+nNSfO7tor8w+CNCTs05DNJQYbLM=
github.com/d2r2/go-logger v0.0.0-20181221090742-9998a510495e/go.mod h1:oA+9PUt8F1aKJ6o4YU1T120i7sgo1T6/1LWEEBy0BSs=
github.com/davecgh/go-spew v1.1.1 h1:vj9j/u1bqnvCEfJOwUhtlOARqs3+rkHYY13jYWTU97c=
github.com/davecgh/go-spew v1.1.1/go.mod h1:J7Y8YcW2NihsgmVo/mv3lAwl/skON4iLHjSsI+c5H38=
github.com/grandcat/zeroconf v0.0.0-20190424104450-85eadb44205c h1:svzQzfVE9t7Y1CGULS5PsMWs4/H4Au/ZTJzU/0CKgqc=
github.com/grandcat/zeroconf v0.0.0-20190424104450-85eadb44205c/go.mod h1:YjKB0WsLXlMkO9p+wGTCoPIDGRJH0mz7E526PxkQVxI=
github.com/konsorten/go-windows-terminal-sequences v1.0.1 h1:mweAR1A6xJ3oS2pRaGiHgQ4OO8tzTaLawm8vnODuwDk=
github.com/konsorten/go-windows-terminal-sequences v1.0.1/go.mod h1:T0+1ngSBFLxvqU3pZ+m/2kptfBszLMUkC4ZK/EgS/cQ=
github.com/miekg/dns v1.1.8 h1:1QYRAKU3lN5cRfLCkPU08hwvLJFhvjP6MqNMmQz6ZVI=
github.com/miekg/dns v1.1.8/go.mod h1:W1PPwlIAgtquWBMBEV9nkV9Cazfe8ScdGz/Lj7v3Nrg=
github.com/openairtech/sds011 v0.0.0-20191029135153-f4ccb629bd55 h1:A36hCbMr5fqBhsJx5i4AxijEytodI82DL0C4WtmbLek=
github.com/openairtech/sds011 v0.0.0-20191029135153-f4ccb629bd55/go.mod h1:lwkmgZyUp1ReNSy2vSBImedx/2PBVdOd6y2brXXkE8c=
github.com/pkg/errors v0.8.1 h1:iURUrRGxPUNPdy5/HRSm+Yj6okJ6UtLINN0Q9M4+h3I=
github.com/pkg/errors v0.8.1/go.mod h1:bwawxfHBFNV+L2hUp1rHADufV3IMtnDRdf1r5NINEl0=
github.com/pmezard/go-difflib v1.0.0 h1:4DBwDE0NGyQoBHbLQYPwSUPoCMWR5BEzIk/f1lZbAQM=
github.com/pmezard/go-difflib v1.0.0/go.mod h1:iKH77koFhYxTK1pcRnkKkqfTogsbg7gZNVY4sRDYZ/4=
github.com/sirupsen/logrus v1.4.1 h1:GL2rEmy6nsikmW0r8opw9JIRScdMF5hA8cOYLH7In1k=
github.com/sirupsen/logrus v1.4.1/go.mod h1:ni0Sbl8bgC9z8RoU9G6nDWqqs/fq4eDPysMBDgk/93Q=
github.com/stretchr/objx v0.1.1/go.mod h1:HFkY916IF+rwdDfMAkV7OtwuqBVzrE8GR6GFx+wExME=
github.com/stretchr/testify v1.2.2 h1:bSDNvY7ZPG5RlJ8otE/7V6gMiyenm9RtJ7IUVIAoJ1w=
github.com/stretchr/testify v1.2.2/go.mod h1:a8OnRcib4nhh0OaRAV+Yts87kKdq0PP7pXfy6kDkUVs=
golang.org/x/crypto v0.0.0-20190308221718-c2843e01d9a2 h1:VklqNMn3ovrHsnt90PveolxSbWFaJdECFbxSq0Mqo2M=
golang.org/x/crypto v0.0.0-20190308221718-c2843e01d9a2/go.mod h1:djNgcEr1/C05ACkg1iLfiJU5Ep61QUkGW8qpdssI0+w=
golang.org/x/net v0.0.0-20190424112056-4829fb13d2c6 h1:FP8hkuE6yUEaJnK7O2eTuejKWwW+Rhfj80dQ2JcKxCU=
golang.org/x/net v0.0.0-20190424112056-4829fb13d2c6/go.mod h1:t9HGtf8HONx5eT2rtn7q6eTqICYqUVnKs3thJo3Qplg=
golang.org/x/sync v0.0.0-20190423024810-112230192c58 h1:8gQV6CLnAEikrhgkHFbMAEhagSSnXWGV915qUMm9mrU=
golang.org/x/sync v0.0.0-20190423024810-112230192c58/go.mod h1:RxMgew5VJxzue5/jJTE5uejpjVlOe/izrB70Jof72aM=
golang.org/x/sys v0.0.0-20180905080454-ebe1bf3edb33/go.mod h1:STP8DvDyc/dI5b8T5hshtkjS+E42TnysNCUPdjciGhY=
golang.org/x/sys v0.0.0-20190215142949-d0b11bdaac8a h1:1BGLXjeY4akVXGgbC9HugT3Jv3hCI0z56oJR5vAMgBU=
golang.org/x/sys v0.0.0-20190215142949-d0b11bdaac8a/go.mod h1:STP8DvDyc/dI5b8T5hshtkjS+E42TnysNCUPdjciGhY=
golang.org/x/sys v0.0.0-20190922100055-0a153f010e69 h1:rOhMmluY6kLMhdnrivzec6lLgaVbMHMn2ISQXJeJ5EM=
golang.org/x/sys v0.0.0-20190922100055-0a153f010e69/go.mod h1:h1NjWce9XRLGQEsW7wpKNCjG9DtNlClVuFLEZdDNbEs=
golang.org/x/text v0.3.0/go.mod h1:NqM8EUOU14njkJ3fqMW+pc6Ldnwhi/IjpwHt7yyuwOQ=
